
Microsoft Visual Studio Solution File, Format Version 12.00
# Visual Studio Version 16
VisualStudioVersion = 16.0.29418.71
MinimumVisualStudioVersion = 10.0.40219.1
Project("{FAE04EC0-301F-11D3-BF4B-00C04F79EFBC}") = "TagHelpers", "TagHelpers\TagHelpers.csproj", "{6C269C5C-6796-49F2-938D-B1382CBF094D}"
EndProject
Global
	GlobalSection(SolutionConfigurationPlatforms) = preSolution
		Debug|Any CPU = Debug|Any CPU
		Release|Any CPU = Release|Any CPU
	EndGlobalSection
	GlobalSection(ProjectConfigurationPlatforms) = postSolution
		{6C269C5C-6796-49F2-938D-B1382CBF094D}.Debug|Any CPU.ActiveCfg = Debug|Any CPU
		{6C269C5C-6796-49F2-938D-B1382CBF094D}.Debug|Any CPU.Build.0 = Debug|Any CPU
		{6C269C5C-6796-49F2-938D-B1382CBF094D}.Release|Any CPU.ActiveCfg = Release|Any CPU
		{6C269C5C-6796-49F2-938D-B1382CBF094D}.Release|Any CPU.Build.0 = Release|Any CPU
	EndGlobalSection
	GlobalSection(SolutionProperties) = preSolution
		HideSolutionNode = FALSE
	EndGlobalSection
	GlobalSection(ExtensibilityGlobals) = postSolution
		SolutionGuid = {E0C953F2-C473-41AF-AF8A-1ADB4C0AC2BE}
	EndGlobalSection
EndGlobal
